// !$*UTF8*$!
{
	archiveVersion = 1;
	classes = {
	};
	objectVersion = 56;
	objects = {

/* Begin PBXBuildFile section */
		C80D6C54292639AB00ACD31A /* CircularProfileImageView.swift in Sources */ = {isa = PBXBuildFile; fileRef = C80D6C53292639AB00ACD31A /* CircularProfileImageView.swift */; };
		C80D6C562926569F00ACD31A /* Publisher+AsFuture.swift in Sources */ = {isa = PBXBuildFile; fileRef = C80D6C552926569F00ACD31A /* Publisher+AsFuture.swift */; };
		C80D6C5829267D7800ACD31A /* PostVM.swift in Sources */ = {isa = PBXBuildFile; fileRef = C80D6C5729267D7800ACD31A /* PostVM.swift */; };
		C81AB5C329276041000DC2FD /* GoogleService-Info.plist in Resources */ = {isa = PBXBuildFile; fileRef = C81AB5C229276041000DC2FD /* GoogleService-Info.plist */; };
		C84671A32922637800310117 /* Future+AsyncAwait.swift in Sources */ = {isa = PBXBuildFile; fileRef = C84671A22922637800310117 /* Future+AsyncAwait.swift */; };
		C84671A929226B6F00310117 /* HomeView.swift in Sources */ = {isa = PBXBuildFile; fileRef = C84671A829226B6F00310117 /* HomeView.swift */; };
		C84671AC292271CE00310117 /* MainTabView.swift in Sources */ = {isa = PBXBuildFile; fileRef = C84671AB292271CE00310117 /* MainTabView.swift */; };
		C84671AF2922736200310117 /* ProfileView.swift in Sources */ = {isa = PBXBuildFile; fileRef = C84671AE2922736200310117 /* ProfileView.swift */; };
		C87C1ABC292136DD0038CAB1 /* LoginView.swift in Sources */ = {isa = PBXBuildFile; fileRef = C87C1ABB292136DD0038CAB1 /* LoginView.swift */; };
		C87C1ABE292136F70038CAB1 /* LoginVM.swift in Sources */ = {isa = PBXBuildFile; fileRef = C87C1ABD292136F70038CAB1 /* LoginVM.swift */; };
		C87C1AC329213EE50038CAB1 /* SignUpView.swift in Sources */ = {isa = PBXBuildFile; fileRef = C87C1AC229213EE50038CAB1 /* SignUpView.swift */; };
		C87C1AC52921419E0038CAB1 /* SignUpVM.swift in Sources */ = {isa = PBXBuildFile; fileRef = C87C1AC42921419E0038CAB1 /* SignUpVM.swift */; };
		C87C1AC8292145640038CAB1 /* DefaultTextFieldBehavior.swift in Sources */ = {isa = PBXBuildFile; fileRef = C87C1AC7292145640038CAB1 /* DefaultTextFieldBehavior.swift */; };
		C88993E22923FB15004A3767 /* AuthManager.swift in Sources */ = {isa = PBXBuildFile; fileRef = C88993E12923FB15004A3767 /* AuthManager.swift */; };
		C88993E52923FBE6004A3767 /* BHHUser.swift in Sources */ = {isa = PBXBuildFile; fileRef = C88993E42923FBE6004A3767 /* BHHUser.swift */; };
		C88993E72924FCA1004A3767 /* PhotoUploadManager.swift in Sources */ = {isa = PBXBuildFile; fileRef = C88993E62924FCA1004A3767 /* PhotoUploadManager.swift */; };
		C88993EA29254FA4004A3767 /* FirebaseAuth in Frameworks */ = {isa = PBXBuildFile; productRef = C88993E929254FA4004A3767 /* FirebaseAuth */; };
		C88993EC29254FA4004A3767 /* FirebaseAuthCombine-Community in Frameworks */ = {isa = PBXBuildFile; productRef = C88993EB29254FA4004A3767 /* FirebaseAuthCombine-Community */; };
		C88993EE29254FA4004A3767 /* FirebaseFirestore in Frameworks */ = {isa = PBXBuildFile; productRef = C88993ED29254FA4004A3767 /* FirebaseFirestore */; };
		C88993F029254FA4004A3767 /* FirebaseFirestoreCombine-Community in Frameworks */ = {isa = PBXBuildFile; productRef = C88993EF29254FA4004A3767 /* FirebaseFirestoreCombine-Community */; };
		C88993F229254FA4004A3767 /* FirebaseFirestoreSwift in Frameworks */ = {isa = PBXBuildFile; productRef = C88993F129254FA4004A3767 /* FirebaseFirestoreSwift */; };
		C88993F429254FA4004A3767 /* FirebaseStorage in Frameworks */ = {isa = PBXBuildFile; productRef = C88993F329254FA4004A3767 /* FirebaseStorage */; };
		C88993F629254FA4004A3767 /* FirebaseStorageCombine-Community in Frameworks */ = {isa = PBXBuildFile; productRef = C88993F529254FA4004A3767 /* FirebaseStorageCombine-Community */; };
		C88993F929255A91004A3767 /* LoadingView.swift in Sources */ = {isa = PBXBuildFile; fileRef = C88993F829255A91004A3767 /* LoadingView.swift */; };
		C88993FC2925692B004A3767 /* PostView.swift in Sources */ = {isa = PBXBuildFile; fileRef = C88993FB2925692B004A3767 /* PostView.swift */; };
		C88993FF2925698F004A3767 /* AddPostView.swift in Sources */ = {isa = PBXBuildFile; fileRef = C88993FE2925698F004A3767 /* AddPostView.swift */; };
		C889940129256AAD004A3767 /* AddPostVM.swift in Sources */ = {isa = PBXBuildFile; fileRef = C889940029256AAD004A3767 /* AddPostVM.swift */; };
		C8910B7C29209D8600435B32 /* BahHatHatSocialApp.swift in Sources */ = {isa = PBXBuildFile; fileRef = C8910B7B29209D8600435B32 /* BahHatHatSocialApp.swift */; };
		C8910B8029209D8800435B32 /* Assets.xcassets in Resources */ = {isa = PBXBuildFile; fileRef = C8910B7F29209D8800435B32 /* Assets.xcassets */; };
		C8910B8329209D8800435B32 /* Preview Assets.xcassets in Resources */ = {isa = PBXBuildFile; fileRef = C8910B8229209D8800435B32 /* Preview Assets.xcassets */; };
		C8910B8D29209D8800435B32 /* BahHatHatSocialTests.swift in Sources */ = {isa = PBXBuildFile; fileRef = C8910B8C29209D8800435B32 /* BahHatHatSocialTests.swift */; };
		C8910B9729209D8800435B32 /* BahHatHatSocialUITests.swift in Sources */ = {isa = PBXBuildFile; fileRef = C8910B9629209D8800435B32 /* BahHatHatSocialUITests.swift */; };
		C8910B9929209D8800435B32 /* BahHatHatSocialUITestsLaunchTests.swift in Sources */ = {isa = PBXBuildFile; fileRef = C8910B9829209D8800435B32 /* BahHatHatSocialUITestsLaunchTests.swift */; };
		C8FF9DBA292572EE00FF45AF /* SafeAreaInsetsKey.swift in Sources */ = {isa = PBXBuildFile; fileRef = C8FF9DB9292572EE00FF45AF /* SafeAreaInsetsKey.swift */; };
		C8FF9DBC2925DE4400FF45AF /* ProfileVM.swift in Sources */ = {isa = PBXBuildFile; fileRef = C8FF9DBB2925DE4400FF45AF /* ProfileVM.swift */; };
		C8FF9DBE2925E43E00FF45AF /* BHHPost.swift in Sources */ = {isa = PBXBuildFile; fileRef = C8FF9DBD2925E43E00FF45AF /* BHHPost.swift */; };
		C8FF9DC02925E57500FF45AF /* PostManager.swift in Sources */ = {isa = PBXBuildFile; fileRef = C8FF9DBF2925E57500FF45AF /* PostManager.swift */; };
		C8FF9DC22925F3ED00FF45AF /* PostVO.swift in Sources */ = {isa = PBXBuildFile; fileRef = C8FF9DC12925F3ED00FF45AF /* PostVO.swift */; };
		C8FF9DC42925F68500FF45AF /* HomeVM.swift in Sources */ = {isa = PBXBuildFile; fileRef = C8FF9DC32925F68500FF45AF /* HomeVM.swift */; };
		C8FF9DC62925FC9A00FF45AF /* Date+Format.swift in Sources */ = {isa = PBXBuildFile; fileRef = C8FF9DC52925FC9A00FF45AF /* Date+Format.swift */; };
/* End PBXBuildFile section */

/* Begin PBXContainerItemProxy section */
		C8910B8929209D8800435B32 /* PBXContainerItemProxy */ = {
			isa = PBXContainerItemProxy;
			containerPortal = C8910B7029209D8600435B32 /* Project object */;
			proxyType = 1;
			remoteGlobalIDString = C8910B7729209D8600435B32;
			remoteInfo = BahHatHatSocial;
		};
		C8910B9329209D8800435B32 /* PBXContainerItemProxy */ = {
			isa = PBXContainerItemProxy;
			containerPortal = C8910B7029209D8600435B32 /* Project object */;
			proxyType = 1;
			remoteGlobalIDString = C8910B7729209D8600435B32;
			remoteInfo = BahHatHatSocial;
		};
/* End PBXContainerItemProxy section */

/* Begin PBXFileReference section */
		C80D6C53292639AB00ACD31A /* CircularProfileImageView.swift */ = {isa = PBXFileReference; lastKnownFileType = sourcecode.swift; path = CircularProfileImageView.swift; sourceTree = "<group>"; };
		C80D6C552926569F00ACD31A /* Publisher+AsFuture.swift */ = {isa = PBXFileReference; lastKnownFileType = sourcecode.swift; path = "Publisher+AsFuture.swift"; sourceTree = "<group>"; };
		C80D6C5729267D7800ACD31A /* PostVM.swift */ = {isa = PBXFileReference; lastKnownFileType = sourcecode.swift; path = PostVM.swift; sourceTree = "<group>"; };
		C81AB5C229276041000DC2FD /* GoogleService-Info.plist */ = {isa = PBXFileReference; fileEncoding = 4; lastKnownFileType = text.plist.xml; path = "GoogleService-Info.plist"; sourceTree = "<group>"; };
		C84671A22922637800310117 /* Future+AsyncAwait.swift */ = {isa = PBXFileReference; lastKnownFileType = sourcecode.swift; path = "Future+AsyncAwait.swift"; sourceTree = "<group>"; };
		C84671A829226B6F00310117 /* HomeView.swift */ = {isa = PBXFileReference; lastKnownFileType = sourcecode.swift; path = HomeView.swift; sourceTree = "<group>"; };
		C84671AB292271CE00310117 /* MainTabView.swift */ = {isa = PBXFileReference; lastKnownFileType = sourcecode.swift; path = MainTabView.swift; sourceTree = "<group>"; };
		C84671AE2922736200310117 /* ProfileView.swift */ = {isa = PBXFileReference; lastKnownFileType = sourcecode.swift; path = ProfileView.swift; sourceTree = "<group>"; };
		C87C1ABB292136DD0038CAB1 /* LoginView.swift */ = {isa = PBXFileReference; lastKnownFileType = sourcecode.swift; path = LoginView.swift; sourceTree = "<group>"; };
		C87C1ABD292136F70038CAB1 /* LoginVM.swift */ = {isa = PBXFileReference; lastKnownFileType = sourcecode.swift; path = LoginVM.swift; sourceTree = "<group>"; };
		C87C1AC229213EE50038CAB1 /* SignUpView.swift */ = {isa = PBXFileReference; lastKnownFileType = sourcecode.swift; name = SignUpView.swift; path = ../../../../../SignUpView.swift; sourceTree = "<group>"; };
		C87C1AC42921419E0038CAB1 /* SignUpVM.swift */ = {isa = PBXFileReference; lastKnownFileType = sourcecode.swift; path = SignUpVM.swift; sourceTree = "<group>"; };
		C87C1AC7292145640038CAB1 /* DefaultTextFieldBehavior.swift */ = {isa = PBXFileReference; lastKnownFileType = sourcecode.swift; path = DefaultTextFieldBehavior.swift; sourceTree = "<group>"; };
		C88993E12923FB15004A3767 /* AuthManager.swift */ = {isa = PBXFileReference; lastKnownFileType = sourcecode.swift; path = AuthManager.swift; sourceTree = "<group>"; };
		C88993E42923FBE6004A3767 /* BHHUser.swift */ = {isa = PBXFileReference; lastKnownFileType = sourcecode.swift; path = BHHUser.swift; sourceTree = "<group>"; };
		C88993E62924FCA1004A3767 /* PhotoUploadManager.swift */ = {isa = PBXFileReference; lastKnownFileType = sourcecode.swift; path = PhotoUploadManager.swift; sourceTree = "<group>"; };
		C88993F829255A91004A3767 /* LoadingView.swift */ = {isa = PBXFileReference; lastKnownFileType = sourcecode.swift; path = LoadingView.swift; sourceTree = "<group>"; };
		C88993FB2925692B004A3767 /* PostView.swift */ = {isa = PBXFileReference; lastKnownFileType = sourcecode.swift; path = PostView.swift; sourceTree = "<group>"; };
		C88993FE2925698F004A3767 /* AddPostView.swift */ = {isa = PBXFileReference; lastKnownFileType = sourcecode.swift; path = AddPostView.swift; sourceTree = "<group>"; };
		C889940029256AAD004A3767 /* AddPostVM.swift */ = {isa = PBXFileReference; lastKnownFileType = sourcecode.swift; path = AddPostVM.swift; sourceTree = "<group>"; };
		C8910B7829209D8600435B32 /* BahHatHatSocial.app */ = {isa = PBXFileReference; explicitFileType = wrapper.application; includeInIndex = 0; path = BahHatHatSocial.app; sourceTree = BUILT_PRODUCTS_DIR; };
		C8910B7B29209D8600435B32 /* BahHatHatSocialApp.swift */ = {isa = PBXFileReference; lastKnownFileType = sourcecode.swift; path = BahHatHatSocialApp.swift; sourceTree = "<group>"; };
		C8910B7F29209D8800435B32 /* Assets.xcassets */ = {isa = PBXFileReference; lastKnownFileType = folder.assetcatalog; path = Assets.xcassets; sourceTree = "<group>"; };
		C8910B8229209D8800435B32 /* Preview Assets.xcassets */ = {isa = PBXFileReference; lastKnownFileType = folder.assetcatalog; path = "Preview Assets.xcassets"; sourceTree = "<group>"; };
		C8910B8829209D8800435B32 /* BahHatHatSocialTests.xctest */ = {isa = PBXFileReference; explicitFileType = wrapper.cfbundle; includeInIndex = 0; path = BahHatHatSocialTests.xctest; sourceTree = BUILT_PRODUCTS_DIR; };
		C8910B8C29209D8800435B32 /* BahHatHatSocialTests.swift */ = {isa = PBXFileReference; lastKnownFileType = sourcecode.swift; path = BahHatHatSocialTests.swift; sourceTree = "<group>"; };
		C8910B9229209D8800435B32 /* BahHatHatSocialUITests.xctest */ = {isa = PBXFileReference; explicitFileType = wrapper.cfbundle; includeInIndex = 0; path = BahHatHatSocialUITests.xctest; sourceTree = BUILT_PRODUCTS_DIR; };
		C8910B9629209D8800435B32 /* BahHatHatSocialUITests.swift */ = {isa = PBXFileReference; lastKnownFileType = sourcecode.swift; path = BahHatHatSocialUITests.swift; sourceTree = "<group>"; };
		C8910B9829209D8800435B32 /* BahHatHatSocialUITestsLaunchTests.swift */ = {isa = PBXFileReference; lastKnownFileType = sourcecode.swift; path = BahHatHatSocialUITestsLaunchTests.swift; sourceTree = "<group>"; };
		C8FF9DB9292572EE00FF45AF /* SafeAreaInsetsKey.swift */ = {isa = PBXFileReference; lastKnownFileType = sourcecode.swift; path = SafeAreaInsetsKey.swift; sourceTree = "<group>"; };
		C8FF9DBB2925DE4400FF45AF /* ProfileVM.swift */ = {isa = PBXFileReference; lastKnownFileType = sourcecode.swift; path = ProfileVM.swift; sourceTree = "<group>"; };
		C8FF9DBD2925E43E00FF45AF /* BHHPost.swift */ = {isa = PBXFileReference; lastKnownFileType = sourcecode.swift; path = BHHPost.swift; sourceTree = "<group>"; };
		C8FF9DBF2925E57500FF45AF /* PostManager.swift */ = {isa = PBXFileReference; lastKnownFileType = sourcecode.swift; path = PostManager.swift; sourceTree = "<group>"; };
		C8FF9DC12925F3ED00FF45AF /* PostVO.swift */ = {isa = PBXFileReference; lastKnownFileType = sourcecode.swift; path = PostVO.swift; sourceTree = "<group>"; };
		C8FF9DC32925F68500FF45AF /* HomeVM.swift */ = {isa = PBXFileReference; lastKnownFileType = sourcecode.swift; path = HomeVM.swift; sourceTree = "<group>"; };
		C8FF9DC52925FC9A00FF45AF /* Date+Format.swift */ = {isa = PBXFileReference; lastKnownFileType = sourcecode.swift; path = "Date+Format.swift"; sourceTree = "<group>"; };
/* End PBXFileReference section */

/* Begin PBXFrameworksBuildPhase section */
		C8910B7529209D8600435B32 /* Frameworks */ = {
			isa = PBXFrameworksBuildPhase;
			buildActionMask = 2147483647;
			files = (
				C88993F229254FA4004A3767 /* FirebaseFirestoreSwift in Frameworks */,
				C88993F629254FA4004A3767 /* FirebaseStorageCombine-Community in Frameworks */,
				C88993EA29254FA4004A3767 /* FirebaseAuth in Frameworks */,
				C88993F029254FA4004A3767 /* FirebaseFirestoreCombine-Community in Frameworks */,
				C88993EC29254FA4004A3767 /* FirebaseAuthCombine-Community in Frameworks */,
				C88993EE29254FA4004A3767 /* FirebaseFirestore in Frameworks */,
				C88993F429254FA4004A3767 /* FirebaseStorage in Frameworks */,
			);
			runOnlyForDeploymentPostprocessing = 0;
		};
		C8910B8529209D8800435B32 /* Frameworks */ = {
			isa = PBXFrameworksBuildPhase;
			buildActionMask = 2147483647;
			files = (
			);
			runOnlyForDeploymentPostprocessing = 0;
		};
		C8910B8F29209D8800435B32 /* Frameworks */ = {
			isa = PBXFrameworksBuildPhase;
			buildActionMask = 2147483647;
			files = (
			);
			runOnlyForDeploymentPostprocessing = 0;
		};
/* End PBXFrameworksBuildPhase section */

/* Begin PBXGroup section */
		C80D6C512926398400ACD31A /* Components */ = {
			isa = PBXGroup;
			children = (
				C80D6C522926399600ACD31A /* CircularProfile */,
				C88993FA29256920004A3767 /* PostItem */,
			);
			path = Components;
			sourceTree = "<group>";
		};
		C80D6C522926399600ACD31A /* CircularProfile */ = {
			isa = PBXGroup;
			children = (
				C80D6C53292639AB00ACD31A /* CircularProfileImageView.swift */,
			);
			path = CircularProfile;
			sourceTree = "<group>";
		};
		C84671A729226B6600310117 /* Home */ = {
			isa = PBXGroup;
			children = (
				C84671A829226B6F00310117 /* HomeView.swift */,
				C8FF9DC32925F68500FF45AF /* HomeVM.swift */,
				C8FF9DC12925F3ED00FF45AF /* PostVO.swift */,
			);
			path = Home;
			sourceTree = "<group>";
		};
		C84671AA292271C200310117 /* MainTab */ = {
			isa = PBXGroup;
			children = (
				C84671AB292271CE00310117 /* MainTabView.swift */,
			);
			path = MainTab;
			sourceTree = "<group>";
		};
		C84671AD2922735400310117 /* Profile */ = {
			isa = PBXGroup;
			children = (
				C84671AE2922736200310117 /* ProfileView.swift */,
				C8FF9DBB2925DE4400FF45AF /* ProfileVM.swift */,
			);
			path = Profile;
			sourceTree = "<group>";
		};
		C87C1ABF29213E8C0038CAB1 /* Login */ = {
			isa = PBXGroup;
			children = (
				C87C1ABB292136DD0038CAB1 /* LoginView.swift */,
				C87C1ABD292136F70038CAB1 /* LoginVM.swift */,
			);
			path = Login;
			sourceTree = "<group>";
		};
		C87C1AC029213E930038CAB1 /* Core */ = {
			isa = PBXGroup;
			children = (
				C88993FD29256986004A3767 /* AddPost */,
				C88993F729255A7D004A3767 /* Loading */,
				C84671AA292271C200310117 /* MainTab */,
				C84671AD2922735400310117 /* Profile */,
				C84671A729226B6600310117 /* Home */,
				C87C1AC129213EC60038CAB1 /* SignUp */,
				C87C1ABF29213E8C0038CAB1 /* Login */,
			);
			path = Core;
			sourceTree = "<group>";
		};
		C87C1AC129213EC60038CAB1 /* SignUp */ = {
			isa = PBXGroup;
			children = (
				C87C1AC229213EE50038CAB1 /* SignUpView.swift */,
				C87C1AC42921419E0038CAB1 /* SignUpVM.swift */,
			);
			path = SignUp;
			sourceTree = "<group>";
		};
		C87C1AC6292145550038CAB1 /* Utils */ = {
			isa = PBXGroup;
			children = (
				C87C1AC7292145640038CAB1 /* DefaultTextFieldBehavior.swift */,
				C84671A22922637800310117 /* Future+AsyncAwait.swift */,
				C8FF9DB9292572EE00FF45AF /* SafeAreaInsetsKey.swift */,
				C8FF9DC52925FC9A00FF45AF /* Date+Format.swift */,
				C80D6C552926569F00ACD31A /* Publisher+AsFuture.swift */,
			);
			path = Utils;
			sourceTree = "<group>";
		};
		C88993E02923FB05004A3767 /* BackendServiceManagers */ = {
			isa = PBXGroup;
			children = (
				C88993E12923FB15004A3767 /* AuthManager.swift */,
				C8FF9DBF2925E57500FF45AF /* PostManager.swift */,
				C88993E62924FCA1004A3767 /* PhotoUploadManager.swift */,
			);
			path = BackendServiceManagers;
			sourceTree = "<group>";
		};
		C88993E32923FBDD004A3767 /* Models */ = {
			isa = PBXGroup;
			children = (
				C88993E42923FBE6004A3767 /* BHHUser.swift */,
				C8FF9DBD2925E43E00FF45AF /* BHHPost.swift */,
			);
			path = Models;
			sourceTree = "<group>";
		};
		C88993F729255A7D004A3767 /* Loading */ = {
			isa = PBXGroup;
			children = (
				C88993F829255A91004A3767 /* LoadingView.swift */,
			);
			path = Loading;
			sourceTree = "<group>";
		};
		C88993FA29256920004A3767 /* PostItem */ = {
			isa = PBXGroup;
			children = (
				C88993FB2925692B004A3767 /* PostView.swift */,
				C80D6C5729267D7800ACD31A /* PostVM.swift */,
			);
			path = PostItem;
			sourceTree = "<group>";
		};
		C88993FD29256986004A3767 /* AddPost */ = {
			isa = PBXGroup;
			children = (
				C88993FE2925698F004A3767 /* AddPostView.swift */,
				C889940029256AAD004A3767 /* AddPostVM.swift */,
			);
			path = AddPost;
			sourceTree = "<group>";
		};
		C8910B6F29209D8600435B32 = {
			isa = PBXGroup;
			children = (
				C8910B7A29209D8600435B32 /* BahHatHatSocial */,
				C8910B8B29209D8800435B32 /* BahHatHatSocialTests */,
				C8910B9529209D8800435B32 /* BahHatHatSocialUITests */,
				C8910B7929209D8600435B32 /* Products */,
			);
			sourceTree = "<group>";
		};
		C8910B7929209D8600435B32 /* Products */ = {
			isa = PBXGroup;
			children = (
				C8910B7829209D8600435B32 /* BahHatHatSocial.app */,
				C8910B8829209D8800435B32 /* BahHatHatSocialTests.xctest */,
				C8910B9229209D8800435B32 /* BahHatHatSocialUITests.xctest */,
			);
			name = Products;
			sourceTree = "<group>";
		};
		C8910B7A29209D8600435B32 /* BahHatHatSocial */ = {
			isa = PBXGroup;
			children = (
				C80D6C512926398400ACD31A /* Components */,
				C88993E32923FBDD004A3767 /* Models */,
				C88993E02923FB05004A3767 /* BackendServiceManagers */,
				C87C1AC6292145550038CAB1 /* Utils */,
				C87C1AC029213E930038CAB1 /* Core */,
				C8910B7B29209D8600435B32 /* BahHatHatSocialApp.swift */,
				C8910B7F29209D8800435B32 /* Assets.xcassets */,
				C81AB5C229276041000DC2FD /* GoogleService-Info.plist */,
				C8910B8129209D8800435B32 /* Preview Content */,
			);
			path = BahHatHatSocial;
			sourceTree = "<group>";
		};
		C8910B8129209D8800435B32 /* Preview Content */ = {
			isa = PBXGroup;
			children = (
				C8910B8229209D8800435B32 /* Preview Assets.xcassets */,
			);
			path = "Preview Content";
			sourceTree = "<group>";
		};
		C8910B8B29209D8800435B32 /* BahHatHatSocialTests */ = {
			isa = PBXGroup;
			children = (
				C8910B8C29209D8800435B32 /* BahHatHatSocialTests.swift */,
			);
			path = BahHatHatSocialTests;
			sourceTree = "<group>";
		};
		C8910B9529209D8800435B32 /* BahHatHatSocialUITests */ = {
			isa = PBXGroup;
			children = (
				C8910B9629209D8800435B32 /* BahHatHatSocialUITests.swift */,
				C8910B9829209D8800435B32 /* BahHatHatSocialUITestsLaunchTests.swift */,
			);
			path = BahHatHatSocialUITests;
			sourceTree = "<group>";
		};
/* End PBXGroup section */

/* Begin PBXNativeTarget section */
		C8910B7729209D8600435B32 /* BahHatHatSocial */ = {
			isa = PBXNativeTarget;
			buildConfigurationList = C8910B9C29209D8800435B32 /* Build configuration list for PBXNativeTarget "BahHatHatSocial" */;
			buildPhases = (
				C8910B7429209D8600435B32 /* Sources */,
				C8910B7529209D8600435B32 /* Frameworks */,
				C8910B7629209D8600435B32 /* Resources */,
			);
			buildRules = (
			);
			dependencies = (
			);
			name = BahHatHatSocial;
			packageProductDependencies = (
				C88993E929254FA4004A3767 /* FirebaseAuth */,
				C88993EB29254FA4004A3767 /* FirebaseAuthCombine-Community */,
				C88993ED29254FA4004A3767 /* FirebaseFirestore */,
				C88993EF29254FA4004A3767 /* FirebaseFirestoreCombine-Community */,
				C88993F129254FA4004A3767 /* FirebaseFirestoreSwift */,
				C88993F329254FA4004A3767 /* FirebaseStorage */,
				C88993F529254FA4004A3767 /* FirebaseStorageCombine-Community */,
			);
			productName = BahHatHatSocial;
			productReference = C8910B7829209D8600435B32 /* BahHatHatSocial.app */;
			productType = "com.apple.product-type.application";
		};
		C8910B8729209D8800435B32 /* BahHatHatSocialTests */ = {
			isa = PBXNativeTarget;
			buildConfigurationList = C8910B9F29209D8800435B32 /* Build configuration list for PBXNativeTarget "BahHatHatSocialTests" */;
			buildPhases = (
				C8910B8429209D8800435B32 /* Sources */,
				C8910B8529209D8800435B32 /* Frameworks */,
				C8910B8629209D8800435B32 /* Resources */,
			);
			buildRules = (
			);
			dependencies = (
				C8910B8A29209D8800435B32 /* PBXTargetDependency */,
			);
			name = BahHatHatSocialTests;
			productName = BahHatHatSocialTests;
			productReference = C8910B8829209D8800435B32 /* BahHatHatSocialTests.xctest */;
			productType = "com.apple.product-type.bundle.unit-test";
		};
		C8910B9129209D8800435B32 /* BahHatHatSocialUITests */ = {
			isa = PBXNativeTarget;
			buildConfigurationList = C8910BA229209D8800435B32 /* Build configuration list for PBXNativeTarget "BahHatHatSocialUITests" */;
			buildPhases = (
				C8910B8E29209D8800435B32 /* Sources */,
				C8910B8F29209D8800435B32 /* Frameworks */,
				C8910B9029209D8800435B32 /* Resources */,
			);
			buildRules = (
			);
			dependencies = (
				C8910B9429209D8800435B32 /* PBXTargetDependency */,
			);
			name = BahHatHatSocialUITests;
			productName = BahHatHatSocialUITests;
			productReference = C8910B9229209D8800435B32 /* BahHatHatSocialUITests.xctest */;
			productType = "com.apple.product-type.bundle.ui-testing";
		};
/* End PBXNativeTarget section */

/* Begin PBXProject section */
		C8910B7029209D8600435B32 /* Project object */ = {
			isa = PBXProject;
			attributes = {
				BuildIndependentTargetsInParallel = 1;
				LastSwiftUpdateCheck = 1400;
				LastUpgradeCheck = 1400;
				TargetAttributes = {
					C8910B7729209D8600435B32 = {
						CreatedOnToolsVersion = 14.0.1;
					};
					C8910B8729209D8800435B32 = {
						CreatedOnToolsVersion = 14.0.1;
						TestTargetID = C8910B7729209D8600435B32;
					};
					C8910B9129209D8800435B32 = {
						CreatedOnToolsVersion = 14.0.1;
						TestTargetID = C8910B7729209D8600435B32;
					};
				};
			};
			buildConfigurationList = C8910B7329209D8600435B32 /* Build configuration list for PBXProject "BahHatHatSocial" */;
			compatibilityVersion = "Xcode 14.0";
			developmentRegion = en;
			hasScannedForEncodings = 0;
			knownRegions = (
				en,
				Base,
			);
			mainGroup = C8910B6F29209D8600435B32;
			packageReferences = (
				C88993E829254FA4004A3767 /* XCRemoteSwiftPackageReference "firebase-ios-sdk" */,
			);
			productRefGroup = C8910B7929209D8600435B32 /* Products */;
			projectDirPath = "";
			projectRoot = "";
			targets = (
				C8910B7729209D8600435B32 /* BahHatHatSocial */,
				C8910B8729209D8800435B32 /* BahHatHatSocialTests */,
				C8910B9129209D8800435B32 /* BahHatHatSocialUITests */,
			);
		};
/* End PBXProject section */

/* Begin PBXResourcesBuildPhase section */
		C8910B7629209D8600435B32 /* Resources */ = {
			isa = PBXResourcesBuildPhase;
			buildActionMask = 2147483647;
			files = (
				C8910B8329209D8800435B32 /* Preview Assets.xcassets in Resources */,
				C8910B8029209D8800435B32 /* Assets.xcassets in Resources */,
				C81AB5C329276041000DC2FD /* GoogleService-Info.plist in Resources */,
			);
			runOnlyForDeploymentPostprocessing = 0;
		};
		C8910B8629209D8800435B32 /* Resources */ = {
			isa = PBXResourcesBuildPhase;
			buildActionMask = 2147483647;
			files = (
			);
			runOnlyForDeploymentPostprocessing = 0;
		};
		C8910B9029209D8800435B32 /* Resources */ = {
			isa = PBXResourcesBuildPhase;
			buildActionMask = 2147483647;
			files = (
			);
			runOnlyForDeploymentPostprocessing = 0;
		};
/* End PBXResourcesBuildPhase section */

/* Begin PBXSourcesBuildPhase section */
		C8910B7429209D8600435B32 /* Sources */ = {
			isa = PBXSourcesBuildPhase;
			buildActionMask = 2147483647;
			files = (
				C88993E72924FCA1004A3767 /* PhotoUploadManager.swift in Sources */,
				C87C1AC329213EE50038CAB1 /* SignUpView.swift in Sources */,
				C87C1AC8292145640038CAB1 /* DefaultTextFieldBehavior.swift in Sources */,
				C84671AF2922736200310117 /* ProfileView.swift in Sources */,
				C87C1ABE292136F70038CAB1 /* LoginVM.swift in Sources */,
				C88993F929255A91004A3767 /* LoadingView.swift in Sources */,
				C80D6C5829267D7800ACD31A /* PostVM.swift in Sources */,
				C8FF9DC62925FC9A00FF45AF /* Date+Format.swift in Sources */,
				C80D6C562926569F00ACD31A /* Publisher+AsFuture.swift in Sources */,
				C889940129256AAD004A3767 /* AddPostVM.swift in Sources */,
				C88993FF2925698F004A3767 /* AddPostView.swift in Sources */,
				C87C1ABC292136DD0038CAB1 /* LoginView.swift in Sources */,
				C88993E52923FBE6004A3767 /* BHHUser.swift in Sources */,
				C80D6C54292639AB00ACD31A /* CircularProfileImageView.swift in Sources */,
				C84671A32922637800310117 /* Future+AsyncAwait.swift in Sources */,
				C8FF9DC02925E57500FF45AF /* PostManager.swift in Sources */,
				C84671A929226B6F00310117 /* HomeView.swift in Sources */,
				C87C1AC52921419E0038CAB1 /* SignUpVM.swift in Sources */,
				C88993E22923FB15004A3767 /* AuthManager.swift in Sources */,
				C84671AC292271CE00310117 /* MainTabView.swift in Sources */,
				C8FF9DBA292572EE00FF45AF /* SafeAreaInsetsKey.swift in Sources */,
				C8FF9DC42925F68500FF45AF /* HomeVM.swift in Sources */,
				C88993FC2925692B004A3767 /* PostView.swift in Sources */,
				C8FF9DC22925F3ED00FF45AF /* PostVO.swift in Sources */,
				C8910B7C29209D8600435B32 /* BahHatHatSocialApp.swift in Sources */,
				C8FF9DBC2925DE4400FF45AF /* ProfileVM.swift in Sources */,
				C8FF9DBE2925E43E00FF45AF /* BHHPost.swift in Sources */,
			);
			runOnlyForDeploymentPostprocessing = 0;
		};
		C8910B8429209D8800435B32 /* Sources */ = {
			isa = PBXSourcesBuildPhase;
			buildActionMask = 2147483647;
			files = (
				C8910B8D29209D8800435B32 /* BahHatHatSocialTests.swift in Sources */,
			);
			runOnlyForDeploymentPostprocessing = 0;
		};
		C8910B8E29209D8800435B32 /* Sources */ = {
			isa = PBXSourcesBuildPhase;
			buildActionMask = 2147483647;
			files = (
				C8910B9729209D8800435B32 /* BahHatHatSocialUITests.swift in Sources */,
				C8910B9929209D8800435B32 /* BahHatHatSocialUITestsLaunchTests.swift in Sources */,
			);
			runOnlyForDeploymentPostprocessing = 0;
		};
/* End PBXSourcesBuildPhase section */

/* Begin PBXTargetDependency section */
		C8910B8A29209D8800435B32 /* PBXTargetDependency */ = {
			isa = PBXTargetDependency;
			target = C8910B7729209D8600435B32 /* BahHatHatSocial */;
			targetProxy = C8910B8929209D8800435B32 /* PBXContainerItemProxy */;
		};
		C8910B9429209D8800435B32 /* PBXTargetDependency */ = {
			isa = PBXTargetDependency;
			target = C8910B7729209D8600435B32 /* BahHatHatSocial */;
			targetProxy = C8910B9329209D8800435B32 /* PBXContainerItemProxy */;
		};
/* End PBXTargetDependency section */

/* Begin XCBuildConfiguration section */
		C8910B9A29209D8800435B32 /* Debug */ = {
			isa = XCBuildConfiguration;
			buildSettings = {
				ALWAYS_SEARCH_USER_PATHS = NO;
				CLANG_ANALYZER_NONNULL = YES;
				CLANG_ANALYZER_NUMBER_OBJECT_CONVERSION = YES_AGGRESSIVE;
				CLANG_CXX_LANGUAGE_STANDARD = "gnu++20";
				CLANG_ENABLE_MODULES = YES;
				CLANG_ENABLE_OBJC_ARC = YES;
				CLANG_ENABLE_OBJC_WEAK = YES;
				CLANG_WARN_BLOCK_CAPTURE_AUTORELEASING = YES;
				CLANG_WARN_BOOL_CONVERSION = YES;
				CLANG_WARN_COMMA = YES;
				CLANG_WARN_CONSTANT_CONVERSION = YES;
				CLANG_WARN_DEPRECATED_OBJC_IMPLEMENTATIONS = YES;
				CLANG_WARN_DIRECT_OBJC_ISA_USAGE = YES_ERROR;
				CLANG_WARN_DOCUMENTATION_COMMENTS = YES;
				CLANG_WARN_EMPTY_BODY = YES;
				CLANG_WARN_ENUM_CONVERSION = YES;
				CLANG_WARN_INFINITE_RECURSION = YES;
				CLANG_WARN_INT_CONVERSION = YES;
				CLANG_WARN_NON_LITERAL_NULL_CONVERSION = YES;
				CLANG_WARN_OBJC_IMPLICIT_RETAIN_SELF = YES;
				CLANG_WARN_OBJC_LITERAL_CONVERSION = YES;
				CLANG_WARN_OBJC_ROOT_CLASS = YES_ERROR;
				CLANG_WARN_QUOTED_INCLUDE_IN_FRAMEWORK_HEADER = YES;
				CLANG_WARN_RANGE_LOOP_ANALYSIS = YES;
				CLANG_WARN_STRICT_PROTOTYPES = YES;
				CLANG_WARN_SUSPICIOUS_MOVE = YES;
				CLANG_WARN_UNGUARDED_AVAILABILITY = YES_AGGRESSIVE;
				CLANG_WARN_UNREACHABLE_CODE = YES;
				CLANG_WARN__DUPLICATE_METHOD_MATCH = YES;
				COPY_PHASE_STRIP = NO;
				DEBUG_INFORMATION_FORMAT = dwarf;
				ENABLE_STRICT_OBJC_MSGSEND = YES;
				ENABLE_TESTABILITY = YES;
				GCC_C_LANGUAGE_STANDARD = gnu11;
				GCC_DYNAMIC_NO_PIC = NO;
				GCC_NO_COMMON_BLOCKS = YES;
				GCC_OPTIMIZATION_LEVEL = 0;
				GCC_PREPROCESSOR_DEFINITIONS = (
					"DEBUG=1",
					"$(inherited)",
				);
				GCC_WARN_64_TO_32_BIT_CONVERSION = YES;
				GCC_WARN_ABOUT_RETURN_TYPE = YES_ERROR;
				GCC_WARN_UNDECLARED_SELECTOR = YES;
				GCC_WARN_UNINITIALIZED_AUTOS = YES_AGGRESSIVE;
				GCC_WARN_UNUSED_FUNCTION = YES;
				GCC_WARN_UNUSED_VARIABLE = YES;
				IPHONEOS_DEPLOYMENT_TARGET = 16.0;
				MTL_ENABLE_DEBUG_INFO = INCLUDE_SOURCE;
				MTL_FAST_MATH = YES;
				ONLY_ACTIVE_ARCH = YES;
				SDKROOT = iphoneos;
				SWIFT_ACTIVE_COMPILATION_CONDITIONS = DEBUG;
				SWIFT_OPTIMIZATION_LEVEL = "-Onone";
			};
			name = Debug;
		};
		C8910B9B29209D8800435B32 /* Release */ = {
			isa = XCBuildConfiguration;
			buildSettings = {
				ALWAYS_SEARCH_USER_PATHS = NO;
				CLANG_ANALYZER_NONNULL = YES;
				CLANG_ANALYZER_NUMBER_OBJECT_CONVERSION = YES_AGGRESSIVE;
				CLANG_CXX_LANGUAGE_STANDARD = "gnu++20";
				CLANG_ENABLE_MODULES = YES;
				CLANG_ENABLE_OBJC_ARC = YES;
				CLANG_ENABLE_OBJC_WEAK = YES;
				CLANG_WARN_BLOCK_CAPTURE_AUTORELEASING = YES;
				CLANG_WARN_BOOL_CONVERSION = YES;
				CLANG_WARN_COMMA = YES;
				CLANG_WARN_CONSTANT_CONVERSION = YES;
				CLANG_WARN_DEPRECATED_OBJC_IMPLEMENTATIONS = YES;
				CLANG_WARN_DIRECT_OBJC_ISA_USAGE = YES_ERROR;
				CLANG_WARN_DOCUMENTATION_COMMENTS = YES;
				CLANG_WARN_EMPTY_BODY = YES;
				CLANG_WARN_ENUM_CONVERSION = YES;
				CLANG_WARN_INFINITE_RECURSION = YES;
				CLANG_WARN_INT_CONVERSION = YES;
				CLANG_WARN_NON_LITERAL_NULL_CONVERSION = YES;
				CLANG_WARN_OBJC_IMPLICIT_RETAIN_SELF = YES;
				CLANG_WARN_OBJC_LITERAL_CONVERSION = YES;
				CLANG_WARN_OBJC_ROOT_CLASS = YES_ERROR;
				CLANG_WARN_QUOTED_INCLUDE_IN_FRAMEWORK_HEADER = YES;
				CLANG_WARN_RANGE_LOOP_ANALYSIS = YES;
				CLANG_WARN_STRICT_PROTOTYPES = YES;
				CLANG_WARN_SUSPICIOUS_MOVE = YES;
				CLANG_WARN_UNGUARDED_AVAILABILITY = YES_AGGRESSIVE;
				CLANG_WARN_UNREACHABLE_CODE = YES;
				CLANG_WARN__DUPLICATE_METHOD_MATCH = YES;
				COPY_PHASE_STRIP = NO;
				DEBUG_INFORMATION_FORMAT = "dwarf-with-dsym";
				ENABLE_NS_ASSERTIONS = NO;
				ENABLE_STRICT_OBJC_MSGSEND = YES;
				GCC_C_LANGUAGE_STANDARD = gnu11;
				GCC_NO_COMMON_BLOCKS = YES;
				GCC_WARN_64_TO_32_BIT_CONVERSION = YES;
				GCC_WARN_ABOUT_RETURN_TYPE = YES_ERROR;
				GCC_WARN_UNDECLARED_SELECTOR = YES;
				GCC_WARN_UNINITIALIZED_AUTOS = YES_AGGRESSIVE;
				GCC_WARN_UNUSED_FUNCTION = YES;
				GCC_WARN_UNUSED_VARIABLE = YES;
				IPHONEOS_DEPLOYMENT_TARGET = 16.0;
				MTL_ENABLE_DEBUG_INFO = NO;
				MTL_FAST_MATH = YES;
				SDKROOT = iphoneos;
				SWIFT_COMPILATION_MODE = wholemodule;
				SWIFT_OPTIMIZATION_LEVEL = "-O";
				VALIDATE_PRODUCT = YES;
			};
			name = Release;
		};
		C8910B9D29209D8800435B32 /* Debug */ = {
			isa = XCBuildConfiguration;
			buildSettings = {
				ASSETCATALOG_COMPILER_APPICON_NAME = AppIcon;
				ASSETCATALOG_COMPILER_GLOBAL_ACCENT_COLOR_NAME = AccentColor;
				CODE_SIGN_STYLE = Automatic;
				CURRENT_PROJECT_VERSION = 1;
				DEVELOPMENT_ASSET_PATHS = "\"BahHatHatSocial/Preview Content\"";
				DEVELOPMENT_TEAM = 3LGZY3S9Q5;
				ENABLE_PREVIEWS = YES;
				GENERATE_INFOPLIST_FILE = YES;
				INFOPLIST_KEY_UIApplicationSceneManifest_Generation = YES;
				INFOPLIST_KEY_UIApplicationSupportsIndirectInputEvents = YES;
				INFOPLIST_KEY_UILaunchScreen_Generation = YES;
				INFOPLIST_KEY_UISupportedInterfaceOrientations_iPad = "UIInterfaceOrientationPortrait UIInterfaceOrientationPortraitUpsideDown UIInterfaceOrientationLandscapeLeft UIInterfaceOrientationLandscapeRight";
				INFOPLIST_KEY_UISupportedInterfaceOrientations_iPhone = "UIInterfaceOrientationPortrait UIInterfaceOrientationLandscapeLeft UIInterfaceOrientationLandscapeRight";
				LD_RUNPATH_SEARCH_PATHS = (
					"$(inherited)",
					"@executable_path/Frameworks",
				);
				MARKETING_VERSION = 1.0;
				PRODUCT_BUNDLE_IDENTIFIER = com.kyawthemonkey.BahHatHatSocial;
				PRODUCT_NAME = "$(TARGET_NAME)";
				SWIFT_EMIT_LOC_STRINGS = YES;
				SWIFT_VERSION = 5.0;
				TARGETED_DEVICE_FAMILY = "1,2";
			};
			name = Debug;
		};
		C8910B9E29209D8800435B32 /* Release */ = {
			isa = XCBuildConfiguration;
			buildSettings = {
				ASSETCATALOG_COMPILER_APPICON_NAME = AppIcon;
				ASSETCATALOG_COMPILER_GLOBAL_ACCENT_COLOR_NAME = AccentColor;
				CODE_SIGN_STYLE = Automatic;
				CURRENT_PROJECT_VERSION = 1;
				DEVELOPMENT_ASSET_PATHS = "\"BahHatHatSocial/Preview Content\"";
				DEVELOPMENT_TEAM = 3LGZY3S9Q5;
				ENABLE_PREVIEWS = YES;
				GENERATE_INFOPLIST_FILE = YES;
				INFOPLIST_KEY_UIApplicationSceneManifest_Generation = YES;
				INFOPLIST_KEY_UIApplicationSupportsIndirectInputEvents = YES;
				INFOPLIST_KEY_UILaunchScreen_Generation = YES;
				INFOPLIST_KEY_UISupportedInterfaceOrientations_iPad = "UIInterfaceOrientationPortrait UIInterfaceOrientationPortraitUpsideDown UIInterfaceOrientationLandscapeLeft UIInterfaceOrientationLandscapeRight";
				INFOPLIST_KEY_UISupportedInterfaceOrientations_iPhone = "UIInterfaceOrientationPortrait UIInterfaceOrientationLandscapeLeft UIInterfaceOrientationLandscapeRight";
				LD_RUNPATH_SEARCH_PATHS = (
					"$(inherited)",
					"@executable_path/Frameworks",
				);
				MARKETING_VERSION = 1.0;
				PRODUCT_BUNDLE_IDENTIFIER = com.kyawthemonkey.BahHatHatSocial;
				PRODUCT_NAME = "$(TARGET_NAME)";
				SWIFT_EMIT_LOC_STRINGS = YES;
				SWIFT_VERSION = 5.0;
				TARGETED_DEVICE_FAMILY = "1,2";
			};
			name = Release;
		};
		C8910BA029209D8800435B32 /* Debug */ = {
			isa = XCBuildConfiguration;
			buildSettings = {
				ALWAYS_EMBED_SWIFT_STANDARD_LIBRARIES = YES;
				BUNDLE_LOADER = "$(TEST_HOST)";
				CODE_SIGN_STYLE = Automatic;
				CURRENT_PROJECT_VERSION = 1;
				DEVELOPMENT_TEAM = 3LGZY3S9Q5;
				GENERATE_INFOPLIST_FILE = YES;
				IPHONEOS_DEPLOYMENT_TARGET = 16.0;
				MARKETING_VERSION = 1.0;
				PRODUCT_BUNDLE_IDENTIFIER = com.kyawthemonkey.BahHatHatSocialTests;
				PRODUCT_NAME = "$(TARGET_NAME)";
				SWIFT_EMIT_LOC_STRINGS = NO;
				SWIFT_VERSION = 5.0;
				TARGETED_DEVICE_FAMILY = "1,2";
				TEST_HOST = "$(BUILT_PRODUCTS_DIR)/BahHatHatSocial.app/$(BUNDLE_EXECUTABLE_FOLDER_PATH)/BahHatHatSocial";
			};
			name = Debug;
		};
		C8910BA129209D8800435B32 /* Release */ = {
			isa = XCBuildConfiguration;
			buildSettings = {
				ALWAYS_EMBED_SWIFT_STANDARD_LIBRARIES = YES;
				BUNDLE_LOADER = "$(TEST_HOST)";
				CODE_SIGN_STYLE = Automatic;
				CURRENT_PROJECT_VERSION = 1;
				DEVELOPMENT_TEAM = 3LGZY3S9Q5;
				GENERATE_INFOPLIST_FILE = YES;
				IPHONEOS_DEPLOYMENT_TARGET = 16.0;
				MARKETING_VERSION = 1.0;
				PRODUCT_BUNDLE_IDENTIFIER = com.kyawthemonkey.BahHatHatSocialTests;
				PRODUCT_NAME = "$(TARGET_NAME)";
				SWIFT_EMIT_LOC_STRINGS = NO;
				SWIFT_VERSION = 5.0;
				TARGETED_DEVICE_FAMILY = "1,2";
				TEST_HOST = "$(BUILT_PRODUCTS_DIR)/BahHatHatSocial.app/$(BUNDLE_EXECUTABLE_FOLDER_PATH)/BahHatHatSocial";
			};
			name = Release;
		};
		C8910BA329209D8800435B32 /* Debug */ = {
			isa = XCBuildConfiguration;
			buildSettings = {
				ALWAYS_EMBED_SWIFT_STANDARD_LIBRARIES = YES;
				CODE_SIGN_STYLE = Automatic;
				CURRENT_PROJECT_VERSION = 1;
				DEVELOPMENT_TEAM = 3LGZY3S9Q5;
				GENERATE_INFOPLIST_FILE = YES;
				MARKETING_VERSION = 1.0;
				PRODUCT_BUNDLE_IDENTIFIER = com.kyawthemonkey.BahHatHatSocialUITests;
				PRODUCT_NAME = "$(TARGET_NAME)";
				SWIFT_EMIT_LOC_STRINGS = NO;
				SWIFT_VERSION = 5.0;
				TARGETED_DEVICE_FAMILY = "1,2";
				TEST_TARGET_NAME = BahHatHatSocial;
			};
			name = Debug;
		};
		C8910BA429209D8800435B32 /* Release */ = {
			isa = XCBuildConfiguration;
			buildSettings = {
				ALWAYS_EMBED_SWIFT_STANDARD_LIBRARIES = YES;
				CODE_SIGN_STYLE = Automatic;
				CURRENT_PROJECT_VERSION = 1;
				DEVELOPMENT_TEAM = 3LGZY3S9Q5;
				GENERATE_INFOPLIST_FILE = YES;
				MARKETING_VERSION = 1.0;
				PRODUCT_BUNDLE_IDENTIFIER = com.kyawthemonkey.BahHatHatSocialUITests;
				PRODUCT_NAME = "$(TARGET_NAME)";
				SWIFT_EMIT_LOC_STRINGS = NO;
				SWIFT_VERSION = 5.0;
				TARGETED_DEVICE_FAMILY = "1,2";
				TEST_TARGET_NAME = BahHatHatSocial;
			};
			name = Release;
		};
/* End XCBuildConfiguration section */

/* Begin XCConfigurationList section */
		C8910B7329209D8600435B32 /* Build configuration list for PBXProject "BahHatHatSocial" */ = {
			isa = XCConfigurationList;
			buildConfigurations = (
				C8910B9A29209D8800435B32 /* Debug */,
				C8910B9B29209D8800435B32 /* Release */,
			);
			defaultConfigurationIsVisible = 0;
			defaultConfigurationName = Release;
		};
		C8910B9C29209D8800435B32 /* Build configuration list for PBXNativeTarget "BahHatHatSocial" */ = {
			isa = XCConfigurationList;
			buildConfigurations = (
				C8910B9D29209D8800435B32 /* Debug */,
				C8910B9E29209D8800435B32 /* Release */,
			);
			defaultConfigurationIsVisible = 0;
			defaultConfigurationName = Release;
		};
		C8910B9F29209D8800435B32 /* Build configuration list for PBXNativeTarget "BahHatHatSocialTests" */ = {
			isa = XCConfigurationList;
			buildConfigurations = (
				C8910BA029209D8800435B32 /* Debug */,
				C8910BA129209D8800435B32 /* Release */,
			);
			defaultConfigurationIsVisible = 0;
			defaultConfigurationName = Release;
		};
		C8910BA229209D8800435B32 /* Build configuration list for PBXNativeTarget "BahHatHatSocialUITests" */ = {
			isa = XCConfigurationList;
			buildConfigurations = (
				C8910BA329209D8800435B32 /* Debug */,
				C8910BA429209D8800435B32 /* Release */,
			);
			defaultConfigurationIsVisible = 0;
			defaultConfigurationName = Release;
		};
/* End XCConfigurationList section */

/* Begin XCRemoteSwiftPackageReference section */
		C88993E829254FA4004A3767 /* XCRemoteSwiftPackageReference "firebase-ios-sdk" */ = {
			isa = XCRemoteSwiftPackageReference;
			repositoryURL = "https://github.com/firebase/firebase-ios-sdk";
			requirement = {
				branch = master;
				kind = branch;
			};
		};
/* End XCRemoteSwiftPackageReference section */

/* Begin XCSwiftPackageProductDependency section */
		C88993E929254FA4004A3767 /* FirebaseAuth */ = {
			isa = XCSwiftPackageProductDependency;
			package = C88993E829254FA4004A3767 /* XCRemoteSwiftPackageReference "firebase-ios-sdk" */;
			productName = FirebaseAuth;
		};
		C88993EB29254FA4004A3767 /* FirebaseAuthCombine-Community */ = {
			isa = XCSwiftPackageProductDependency;
			package = C88993E829254FA4004A3767 /* XCRemoteSwiftPackageReference "firebase-ios-sdk" */;
			productName = "FirebaseAuthCombine-Community";
		};
		C88993ED29254FA4004A3767 /* FirebaseFirestore */ = {
			isa = XCSwiftPackageProductDependency;
			package = C88993E829254FA4004A3767 /* XCRemoteSwiftPackageReference "firebase-ios-sdk" */;
			productName = FirebaseFirestore;
		};
		C88993EF29254FA4004A3767 /* FirebaseFirestoreCombine-Community */ = {
			isa = XCSwiftPackageProductDependency;
			package = C88993E829254FA4004A3767 /* XCRemoteSwiftPackageReference "firebase-ios-sdk" */;
			productName = "FirebaseFirestoreCombine-Community";
		};
		C88993F129254FA4004A3767 /* FirebaseFirestoreSwift */ = {
			isa = XCSwiftPackageProductDependency;
			package = C88993E829254FA4004A3767 /* XCRemoteSwiftPackageReference "firebase-ios-sdk" */;
			productName = FirebaseFirestoreSwift;
		};
		C88993F329254FA4004A3767 /* FirebaseStorage */ = {
			isa = XCSwiftPackageProductDependency;
			package = C88993E829254FA4004A3767 /* XCRemoteSwiftPackageReference "firebase-ios-sdk" */;
			productName = FirebaseStorage;
		};
		C88993F529254FA4004A3767 /* FirebaseStorageCombine-Community */ = {
			isa = XCSwiftPackageProductDependency;
			package = C88993E829254FA4004A3767 /* XCRemoteSwiftPackageReference "firebase-ios-sdk" */;
			productName = "FirebaseStorageCombine-Community";
		};
/* End XCSwiftPackageProductDependency section */
	};
	rootObject = C8910B7029209D8600435B32 /* Project object */;
}
